
Microsoft Visual Studio Solution File, Format Version 12.00
# Visual Studio Version 17
VisualStudioVersion = 17.3.32929.385
MinimumVisualStudioVersion = 10.0.40219.1
Project("{9A19103F-16F7-4668-BE54-9A1E7A4F7556}") = "FileMerger", "FileMerger\FileMerger.csproj", "{4B93D544-8D01-4203-A9A7-8948EF77A11C}"
EndProject
Project("{2150E333-8FDC-42A3-9474-1A3956D46DE8}") = "Core", "Core", "{C590BE79-FC9E-43CC-8261-1FAB5FE37657}"
EndProject
Project("{9A19103F-16F7-4668-BE54-9A1E7A4F7556}") = "FileMerger.App", "FileMerger.App\FileMerger.App.csproj", "{F6C0E7F2-2331-44F0-AE6C-292A5D72A096}"
EndProject
Project("{9A19103F-16F7-4668-BE54-9A1E7A4F7556}") = "FileMerger.Domain", "FileMerger.Domain\FileMerger.Domain.csproj", "{22AACC6D-470E-406D-90AD-69D52BC495C0}"
EndProject
Project("{2150E333-8FDC-42A3-9474-1A3956D46DE8}") = "Impl", "Impl", "{6673B741-470D-478E-9110-AFA08A63F856}"
EndProject
Project("{9A19103F-16F7-4668-BE54-9A1E7A4F7556}") = "FileMerger.Scan", "FileMerger.Scan\FileMerger.Scan.csproj", "{8A25EF57-FB8D-41DC-BB43-64A69F374C7F}"
EndProject
Project("{FAE04EC0-301F-11D3-BF4B-00C04F79EFBC}") = "FileMerger.Sqlite", "FileMerger.Sqlite\FileMerger.Sqlite.csproj", "{E0A05FA4-CE39-4871-AABA-D2A14205FB3E}"
EndProject
Global
	GlobalSection(SolutionConfigurationPlatforms) = preSolution
		Debug|Any CPU = Debug|Any CPU
		Release|Any CPU = Release|Any CPU
	EndGlobalSection
	GlobalSection(ProjectConfigurationPlatforms) = postSolution
		{4B93D544-8D01-4203-A9A7-8948EF77A11C}.Debug|Any CPU.ActiveCfg = Debug|Any CPU
		{4B93D544-8D01-4203-A9A7-8948EF77A11C}.Debug|Any CPU.Build.0 = Debug|Any CPU
		{4B93D544-8D01-4203-A9A7-8948EF77A11C}.Release|Any CPU.ActiveCfg = Release|Any CPU
		{4B93D544-8D01-4203-A9A7-8948EF77A11C}.Release|Any CPU.Build.0 = Release|Any CPU
		{F6C0E7F2-2331-44F0-AE6C-292A5D72A096}.Debug|Any CPU.ActiveCfg = Debug|Any CPU
		{F6C0E7F2-2331-44F0-AE6C-292A5D72A096}.Debug|Any CPU.Build.0 = Debug|Any CPU
		{F6C0E7F2-2331-44F0-AE6C-292A5D72A096}.Release|Any CPU.ActiveCfg = Release|Any CPU
		{F6C0E7F2-2331-44F0-AE6C-292A5D72A096}.Release|Any CPU.Build.0 = Release|Any CPU
		{22AACC6D-470E-406D-90AD-69D52BC495C0}.Debug|Any CPU.ActiveCfg = Debug|Any CPU
		{22AACC6D-470E-406D-90AD-69D52BC495C0}.Debug|Any CPU.Build.0 = Debug|Any CPU
		{22AACC6D-470E-406D-90AD-69D52BC495C0}.Release|Any CPU.ActiveCfg = Release|Any CPU
		{22AACC6D-470E-406D-90AD-69D52BC495C0}.Release|Any CPU.Build.0 = Release|Any CPU
		{8A25EF57-FB8D-41DC-BB43-64A69F374C7F}.Debug|Any CPU.ActiveCfg = Debug|Any CPU
		{8A25EF57-FB8D-41DC-BB43-64A69F374C7F}.Debug|Any CPU.Build.0 = Debug|Any CPU
		{8A25EF57-FB8D-41DC-BB43-64A69F374C7F}.Release|Any CPU.ActiveCfg = Release|Any CPU
		{8A25EF57-FB8D-41DC-BB43-64A69F374C7F}.Release|Any CPU.Build.0 = Release|Any CPU
		{E0A05FA4-CE39-4871-AABA-D2A14205FB3E}.Debug|Any CPU.ActiveCfg = Debug|Any CPU
		{E0A05FA4-CE39-4871-AABA-D2A14205FB3E}.Debug|Any CPU.Build.0 = Debug|Any CPU
		{E0A05FA4-CE39-4871-AABA-D2A14205FB3E}.Release|Any CPU.ActiveCfg = Release|Any CPU
		{E0A05FA4-CE39-4871-AABA-D2A14205FB3E}.Release|Any CPU.Build.0 = Release|Any CPU
	EndGlobalSection
	GlobalSection(SolutionProperties) = preSolution
		HideSolutionNode = FALSE
	EndGlobalSection
	GlobalSection(NestedProjects) = preSolution
		{F6C0E7F2-2331-44F0-AE6C-292A5D72A096} = {C590BE79-FC9E-43CC-8261-1FAB5FE37657}
		{22AACC6D-470E-406D-90AD-69D52BC495C0} = {C590BE79-FC9E-43CC-8261-1FAB5FE37657}
		{8A25EF57-FB8D-41DC-BB43-64A69F374C7F} = {6673B741-470D-478E-9110-AFA08A63F856}
		{E0A05FA4-CE39-4871-AABA-D2A14205FB3E} = {6673B741-470D-478E-9110-AFA08A63F856}
	EndGlobalSection
	GlobalSection(ExtensibilityGlobals) = postSolution
		SolutionGuid = {3E4DD742-AAB8-46E7-9F7D-9B9CA7306933}
	EndGlobalSection
EndGlobal
